
Microsoft Visual Studio Solution File, Format Version 12.00
# Visual Studio Version 16
VisualStudioVersion = 16.0.30717.126
MinimumVisualStudioVersion = 10.0.40219.1
Project("{2150E333-8FDC-42A3-9474-1A3956D46DE8}") = "src", "src", "{BE3E6F3F-A206-4B03-B31B-E526D34F6FBC}"
EndProject
Project("{2150E333-8FDC-42A3-9474-1A3956D46DE8}") = "Building Blocks", "Building Blocks", "{84E6E220-72B6-4C66-ADE8-9C0AD22835E5}"
EndProject
Project("{2150E333-8FDC-42A3-9474-1A3956D46DE8}") = "Services", "Services", "{43E6ADE7-43A7-49FE-AA00-B8CE3728BAF5}"
EndProject
Project("{2150E333-8FDC-42A3-9474-1A3956D46DE8}") = "Web", "Web", "{6D1AA8A4-B67C-4281-B71A-F32DA26DD2CC}"
EndProject
Project("{2150E333-8FDC-42A3-9474-1A3956D46DE8}") = "WebSPA", "WebSPA", "{897ADE89-2F88-4A38-B164-D0A7987D6028}"
EndProject
Project("{2150E333-8FDC-42A3-9474-1A3956D46DE8}") = "Identity", "Identity", "{6813CFF0-D76F-4B80-93F0-867989F4F68E}"
EndProject
Project("{2150E333-8FDC-42A3-9474-1A3956D46DE8}") = "Candidate", "Candidate", "{A7ADC834-D7B4-4707-B37D-C234193CD23E}"
EndProject
Project("{2150E333-8FDC-42A3-9474-1A3956D46DE8}") = "Core", "Core", "{2CB58E64-B3D2-4BE9-A99A-E9AD28857443}"
EndProject
Project("{2150E333-8FDC-42A3-9474-1A3956D46DE8}") = "Services", "Services", "{93A78192-D9D6-4ED3-8DA1-489718E618D7}"
EndProject
Project("{9A19103F-16F7-4668-BE54-9A1E7A4F7556}") = "AWork.WebAPI.Core", "src\building blocks\AWork.WebAPI.Core\AWork.WebAPI.Core.csproj", "{EF36A748-A782-4921-9BE6-2C4B684F6391}"
EndProject
Project("{9A19103F-16F7-4668-BE54-9A1E7A4F7556}") = "AWork.Candidates.API", "src\services\AWork.Candidate.API\AWork.Candidates.API.csproj", "{BC6F0C7C-F36F-473F-8D39-E04003F9A50A}"
EndProject
Project("{9A19103F-16F7-4668-BE54-9A1E7A4F7556}") = "AWork.Identity.API", "src\services\AWork.Identity.API\AWork.Identity.API.csproj", "{56E8C042-5D8A-402E-A038-CFFEBD13AFA4}"
EndProject
Project("{9A19103F-16F7-4668-BE54-9A1E7A4F7556}") = "AWork.Candidates.Data", "src\services\AWork.Candidate.Data\AWork.Candidates.Data.csproj", "{0D5CFF03-B942-4EEE-AFEA-DC5572A69AC4}"
EndProject
Project("{2150E333-8FDC-42A3-9474-1A3956D46DE8}") = "Admin", "Admin", "{F36EC176-FC14-465D-8B26-58C86EA53BB2}"
EndProject
Project("{9A19103F-16F7-4668-BE54-9A1E7A4F7556}") = "AWork.Admin.Domain", "src\services\AWork.Admin.Domain\AWork.Admin.Domain.csproj", "{23D1ECA6-3D2E-40A2-A96B-B72B9089A6BB}"
EndProject
Project("{9A19103F-16F7-4668-BE54-9A1E7A4F7556}") = "AWork.Admin.Infra", "src\services\AWork.Admin.Infra\AWork.Admin.Infra.csproj", "{E5D6ADD7-D705-4A2A-9334-A75A8FFBA21C}"
EndProject
Project("{9A19103F-16F7-4668-BE54-9A1E7A4F7556}") = "AWork.Admin.API", "src\services\AWork.Admin.API\AWork.Admin.API.csproj", "{A943762B-FBBC-4857-8AFE-454FC50DE8F6}"
EndProject
Project("{9A19103F-16F7-4668-BE54-9A1E7A4F7556}") = "AWork.Core", "src\building blocks\AWork.Core\AWork.Core.csproj", "{9544EFEA-23BD-4A27-AFE9-9C47385D3718}"
EndProject
Project("{2150E333-8FDC-42A3-9474-1A3956D46DE8}") = "ContractManager", "ContractManager", "{6E7674CB-D45F-4662-82F3-53DE38BEA421}"
EndProject
Project("{2150E333-8FDC-42A3-9474-1A3956D46DE8}") = "Education", "Education", "{A2DC8207-EBA2-4419-BB96-24D3B2225945}"
EndProject
Project("{2150E333-8FDC-42A3-9474-1A3956D46DE8}") = "InterviewManeger", "InterviewManeger", "{9E8B2EB2-50D9-4DC1-9436-D159D6F25BEE}"
EndProject
Project("{2150E333-8FDC-42A3-9474-1A3956D46DE8}") = "JobManager", "JobManager", "{FCE196AB-B68C-42EB-BAA1-18CE7ECE048E}"
EndProject
Project("{9A19103F-16F7-4668-BE54-9A1E7A4F7556}") = "AWork.Candidates.Domain", "src\services\AWork.Candidate.Domain\AWork.Candidates.Domain.csproj", "{66E0B777-EBFE-427A-BC49-7589850D7A4E}"
EndProject
Project("{2150E333-8FDC-42A3-9474-1A3956D46DE8}") = "GrupoApse", "GrupoApse", "{ED79F1C7-4443-49E5-BBF9-818929E70767}"
EndProject
Project("{2150E333-8FDC-42A3-9474-1A3956D46DE8}") = "Reports", "Reports", "{E2441B65-E17A-475A-A9FE-E5E69008601C}"
EndProject
Project("{2150E333-8FDC-42A3-9474-1A3956D46DE8}") = "MessageBus", "MessageBus", "{9B75FF4A-B68F-4CAB-9A0D-E279C6BE3EE9}"
EndProject
Project("{FAE04EC0-301F-11D3-BF4B-00C04F79EFBC}") = "AWork.MessageBus", "src\building blocks\AWork.MessageBus\AWork.MessageBus.csproj", "{0CFA761B-26B9-470A-B226-6C97E94EEF22}"
EndProject
Global
	GlobalSection(SolutionConfigurationPlatforms) = preSolution
		Debug|Any CPU = Debug|Any CPU
		Release|Any CPU = Release|Any CPU
	EndGlobalSection
	GlobalSection(ProjectConfigurationPlatforms) = postSolution
		{EF36A748-A782-4921-9BE6-2C4B684F6391}.Debug|Any CPU.ActiveCfg = Debug|Any CPU
		{EF36A748-A782-4921-9BE6-2C4B684F6391}.Debug|Any CPU.Build.0 = Debug|Any CPU
		{EF36A748-A782-4921-9BE6-2C4B684F6391}.Release|Any CPU.ActiveCfg = Release|Any CPU
		{EF36A748-A782-4921-9BE6-2C4B684F6391}.Release|Any CPU.Build.0 = Release|Any CPU
		{BC6F0C7C-F36F-473F-8D39-E04003F9A50A}.Debug|Any CPU.ActiveCfg = Debug|Any CPU
		{BC6F0C7C-F36F-473F-8D39-E04003F9A50A}.Debug|Any CPU.Build.0 = Debug|Any CPU
		{BC6F0C7C-F36F-473F-8D39-E04003F9A50A}.Release|Any CPU.ActiveCfg = Release|Any CPU
		{BC6F0C7C-F36F-473F-8D39-E04003F9A50A}.Release|Any CPU.Build.0 = Release|Any CPU
		{56E8C042-5D8A-402E-A038-CFFEBD13AFA4}.Debug|Any CPU.ActiveCfg = Debug|Any CPU
		{56E8C042-5D8A-402E-A038-CFFEBD13AFA4}.Debug|Any CPU.Build.0 = Debug|Any CPU
		{56E8C042-5D8A-402E-A038-CFFEBD13AFA4}.Release|Any CPU.ActiveCfg = Release|Any CPU
		{56E8C042-5D8A-402E-A038-CFFEBD13AFA4}.Release|Any CPU.Build.0 = Release|Any CPU
		{0D5CFF03-B942-4EEE-AFEA-DC5572A69AC4}.Debug|Any CPU.ActiveCfg = Debug|Any CPU
		{0D5CFF03-B942-4EEE-AFEA-DC5572A69AC4}.Debug|Any CPU.Build.0 = Debug|Any CPU
		{0D5CFF03-B942-4EEE-AFEA-DC5572A69AC4}.Release|Any CPU.ActiveCfg = Release|Any CPU
		{0D5CFF03-B942-4EEE-AFEA-DC5572A69AC4}.Release|Any CPU.Build.0 = Release|Any CPU
		{23D1ECA6-3D2E-40A2-A96B-B72B9089A6BB}.Debug|Any CPU.ActiveCfg = Debug|Any CPU
		{23D1ECA6-3D2E-40A2-A96B-B72B9089A6BB}.Debug|Any CPU.Build.0 = Debug|Any CPU
		{23D1ECA6-3D2E-40A2-A96B-B72B9089A6BB}.Release|Any CPU.ActiveCfg = Release|Any CPU
		{23D1ECA6-3D2E-40A2-A96B-B72B9089A6BB}.Release|Any CPU.Build.0 = Release|Any CPU
		{E5D6ADD7-D705-4A2A-9334-A75A8FFBA21C}.Debug|Any CPU.ActiveCfg = Debug|Any CPU
		{E5D6ADD7-D705-4A2A-9334-A75A8FFBA21C}.Debug|Any CPU.Build.0 = Debug|Any CPU
		{E5D6ADD7-D705-4A2A-9334-A75A8FFBA21C}.Release|Any CPU.ActiveCfg = Release|Any CPU
		{E5D6ADD7-D705-4A2A-9334-A75A8FFBA21C}.Release|Any CPU.Build.0 = Release|Any CPU
		{A943762B-FBBC-4857-8AFE-454FC50DE8F6}.Debug|Any CPU.ActiveCfg = Debug|Any CPU
		{A943762B-FBBC-4857-8AFE-454FC50DE8F6}.Debug|Any CPU.Build.0 = Debug|Any CPU
		{A943762B-FBBC-4857-8AFE-454FC50DE8F6}.Release|Any CPU.ActiveCfg = Release|Any CPU
		{A943762B-FBBC-4857-8AFE-454FC50DE8F6}.Release|Any CPU.Build.0 = Release|Any CPU
		{9544EFEA-23BD-4A27-AFE9-9C47385D3718}.Debug|Any CPU.ActiveCfg = Debug|Any CPU
		{9544EFEA-23BD-4A27-AFE9-9C47385D3718}.Debug|Any CPU.Build.0 = Debug|Any CPU
		{9544EFEA-23BD-4A27-AFE9-9C47385D3718}.Release|Any CPU.ActiveCfg = Release|Any CPU
		{9544EFEA-23BD-4A27-AFE9-9C47385D3718}.Release|Any CPU.Build.0 = Release|Any CPU
		{66E0B777-EBFE-427A-BC49-7589850D7A4E}.Debug|Any CPU.ActiveCfg = Debug|Any CPU
		{66E0B777-EBFE-427A-BC49-7589850D7A4E}.Debug|Any CPU.Build.0 = Debug|Any CPU
		{66E0B777-EBFE-427A-BC49-7589850D7A4E}.Release|Any CPU.ActiveCfg = Release|Any CPU
		{66E0B777-EBFE-427A-BC49-7589850D7A4E}.Release|Any CPU.Build.0 = Release|Any CPU
		{0CFA761B-26B9-470A-B226-6C97E94EEF22}.Debug|Any CPU.ActiveCfg = Debug|Any CPU
		{0CFA761B-26B9-470A-B226-6C97E94EEF22}.Debug|Any CPU.Build.0 = Debug|Any CPU
		{0CFA761B-26B9-470A-B226-6C97E94EEF22}.Release|Any CPU.ActiveCfg = Release|Any CPU
		{0CFA761B-26B9-470A-B226-6C97E94EEF22}.Release|Any CPU.Build.0 = Release|Any CPU
	EndGlobalSection
	GlobalSection(SolutionProperties) = preSolution
		HideSolutionNode = FALSE
	EndGlobalSection
	GlobalSection(NestedProjects) = preSolution
		{84E6E220-72B6-4C66-ADE8-9C0AD22835E5} = {BE3E6F3F-A206-4B03-B31B-E526D34F6FBC}
		{43E6ADE7-43A7-49FE-AA00-B8CE3728BAF5} = {BE3E6F3F-A206-4B03-B31B-E526D34F6FBC}
		{6D1AA8A4-B67C-4281-B71A-F32DA26DD2CC} = {BE3E6F3F-A206-4B03-B31B-E526D34F6FBC}
		{897ADE89-2F88-4A38-B164-D0A7987D6028} = {6D1AA8A4-B67C-4281-B71A-F32DA26DD2CC}
		{6813CFF0-D76F-4B80-93F0-867989F4F68E} = {43E6ADE7-43A7-49FE-AA00-B8CE3728BAF5}
		{A7ADC834-D7B4-4707-B37D-C234193CD23E} = {43E6ADE7-43A7-49FE-AA00-B8CE3728BAF5}
		{2CB58E64-B3D2-4BE9-A99A-E9AD28857443} = {84E6E220-72B6-4C66-ADE8-9C0AD22835E5}
		{93A78192-D9D6-4ED3-8DA1-489718E618D7} = {84E6E220-72B6-4C66-ADE8-9C0AD22835E5}
		{EF36A748-A782-4921-9BE6-2C4B684F6391} = {93A78192-D9D6-4ED3-8DA1-489718E618D7}
		{BC6F0C7C-F36F-473F-8D39-E04003F9A50A} = {A7ADC834-D7B4-4707-B37D-C234193CD23E}
		{56E8C042-5D8A-402E-A038-CFFEBD13AFA4} = {6813CFF0-D76F-4B80-93F0-867989F4F68E}
		{0D5CFF03-B942-4EEE-AFEA-DC5572A69AC4} = {A7ADC834-D7B4-4707-B37D-C234193CD23E}
		{F36EC176-FC14-465D-8B26-58C86EA53BB2} = {43E6ADE7-43A7-49FE-AA00-B8CE3728BAF5}
		{23D1ECA6-3D2E-40A2-A96B-B72B9089A6BB} = {F36EC176-FC14-465D-8B26-58C86EA53BB2}
		{E5D6ADD7-D705-4A2A-9334-A75A8FFBA21C} = {F36EC176-FC14-465D-8B26-58C86EA53BB2}
		{A943762B-FBBC-4857-8AFE-454FC50DE8F6} = {F36EC176-FC14-465D-8B26-58C86EA53BB2}
		{9544EFEA-23BD-4A27-AFE9-9C47385D3718} = {2CB58E64-B3D2-4BE9-A99A-E9AD28857443}
		{6E7674CB-D45F-4662-82F3-53DE38BEA421} = {43E6ADE7-43A7-49FE-AA00-B8CE3728BAF5}
		{A2DC8207-EBA2-4419-BB96-24D3B2225945} = {43E6ADE7-43A7-49FE-AA00-B8CE3728BAF5}
		{9E8B2EB2-50D9-4DC1-9436-D159D6F25BEE} = {43E6ADE7-43A7-49FE-AA00-B8CE3728BAF5}
		{FCE196AB-B68C-42EB-BAA1-18CE7ECE048E} = {43E6ADE7-43A7-49FE-AA00-B8CE3728BAF5}
		{66E0B777-EBFE-427A-BC49-7589850D7A4E} = {A7ADC834-D7B4-4707-B37D-C234193CD23E}
		{ED79F1C7-4443-49E5-BBF9-818929E70767} = {43E6ADE7-43A7-49FE-AA00-B8CE3728BAF5}
		{E2441B65-E17A-475A-A9FE-E5E69008601C} = {43E6ADE7-43A7-49FE-AA00-B8CE3728BAF5}
		{9B75FF4A-B68F-4CAB-9A0D-E279C6BE3EE9} = {84E6E220-72B6-4C66-ADE8-9C0AD22835E5}
		{0CFA761B-26B9-470A-B226-6C97E94EEF22} = {9B75FF4A-B68F-4CAB-9A0D-E279C6BE3EE9}
	EndGlobalSection
	GlobalSection(ExtensibilityGlobals) = postSolution
		SolutionGuid = {3E56DFFC-76A5-4FFB-A8C9-65F881963D55}
	EndGlobalSection
EndGlobal
